
Microsoft Visual Studio Solution File, Format Version 12.00
# Visual Studio Version 16
VisualStudioVersion = 16.0.30114.105
MinimumVisualStudioVersion = 10.0.40219.1
Project("{FAE04EC0-301F-11D3-BF4B-00C04F79EFBC}") = "ParserLib", "ParserLib\ParserLib.csproj", "{FD806652-C734-4E71-8D25-E21898D3C640}"
EndProject
Project("{FAE04EC0-301F-11D3-BF4B-00C04F79EFBC}") = "ParserTest", "ParserTest\ParserTest.csproj", "{5457015D-9C44-4F5F-9210-331D8B412F8F}"
EndProject
Global
	GlobalSection(SolutionConfigurationPlatforms) = preSolution
		Debug|Any CPU = Debug|Any CPU
		Debug|x64 = Debug|x64
		Debug|x86 = Debug|x86
		Release|Any CPU = Release|Any CPU
		Release|x64 = Release|x64
		Release|x86 = Release|x86
	EndGlobalSection
	GlobalSection(SolutionProperties) = preSolution
		HideSolutionNode = FALSE
	EndGlobalSection
	GlobalSection(ProjectConfigurationPlatforms) = postSolution
		{FD806652-C734-4E71-8D25-E21898D3C640}.Debug|Any CPU.ActiveCfg = Debug|Any CPU
		{FD806652-C734-4E71-8D25-E21898D3C640}.Debug|Any CPU.Build.0 = Debug|Any CPU
		{FD806652-C734-4E71-8D25-E21898D3C640}.Debug|x64.ActiveCfg = Debug|Any CPU
		{FD806652-C734-4E71-8D25-E21898D3C640}.Debug|x64.Build.0 = Debug|Any CPU
		{FD806652-C734-4E71-8D25-E21898D3C640}.Debug|x86.ActiveCfg = Debug|Any CPU
		{FD806652-C734-4E71-8D25-E21898D3C640}.Debug|x86.Build.0 = Debug|Any CPU
		{FD806652-C734-4E71-8D25-E21898D3C640}.Release|Any CPU.ActiveCfg = Release|Any CPU
		{FD806652-C734-4E71-8D25-E21898D3C640}.Release|Any CPU.Build.0 = Release|Any CPU
		{FD806652-C734-4E71-8D25-E21898D3C640}.Release|x64.ActiveCfg = Release|Any CPU
		{FD806652-C734-4E71-8D25-E21898D3C640}.Release|x64.Build.0 = Release|Any CPU
		{FD806652-C734-4E71-8D25-E21898D3C640}.Release|x86.ActiveCfg = Release|Any CPU
		{FD806652-C734-4E71-8D25-E21898D3C640}.Release|x86.Build.0 = Release|Any CPU
		{5457015D-9C44-4F5F-9210-331D8B412F8F}.Debug|Any CPU.ActiveCfg = Debug|Any CPU
		{5457015D-9C44-4F5F-9210-331D8B412F8F}.Debug|Any CPU.Build.0 = Debug|Any CPU
		{5457015D-9C44-4F5F-9210-331D8B412F8F}.Debug|x64.ActiveCfg = Debug|Any CPU
		{5457015D-9C44-4F5F-9210-331D8B412F8F}.Debug|x64.Build.0 = Debug|Any CPU
		{5457015D-9C44-4F5F-9210-331D8B412F8F}.Debug|x86.ActiveCfg = Debug|Any CPU
		{5457015D-9C44-4F5F-9210-331D8B412F8F}.Debug|x86.Build.0 = Debug|Any CPU
		{5457015D-9C44-4F5F-9210-331D8B412F8F}.Release|Any CPU.ActiveCfg = Release|Any CPU
		{5457015D-9C44-4F5F-9210-331D8B412F8F}.Release|Any CPU.Build.0 = Release|Any CPU
		{5457015D-9C44-4F5F-9210-331D8B412F8F}.Release|x64.ActiveCfg = Release|Any CPU
		{5457015D-9C44-4F5F-9210-331D8B412F8F}.Release|x64.Build.0 = Release|Any CPU
		{5457015D-9C44-4F5F-9210-331D8B412F8F}.Release|x86.ActiveCfg = Release|Any CPU
		{5457015D-9C44-4F5F-9210-331D8B412F8F}.Release|x86.Build.0 = Release|Any CPU
	EndGlobalSection
EndGlobal
